
Microsoft Visual Studio Solution File, Format Version 12.00
# Visual Studio Version 16
VisualStudioVersion = 16.0.29326.143
MinimumVisualStudioVersion = 10.0.40219.1
Project("{FAE04EC0-301F-11D3-BF4B-00C04F79EFBC}") = "WpfApp8", "WpfApp8\WpfApp8.csproj", "{A18CAE11-851C-4414-91E5-43E4027673DC}"
EndProject
Global
	GlobalSection(SolutionConfigurationPlatforms) = preSolution
		Debug|Any CPU = Debug|Any CPU
		Release|Any CPU = Release|Any CPU
	EndGlobalSection
	GlobalSection(ProjectConfigurationPlatforms) = postSolution
		{A18CAE11-851C-4414-91E5-43E4027673DC}.Debug|Any CPU.ActiveCfg = Debug|Any CPU
		{A18CAE11-851C-4414-91E5-43E4027673DC}.Debug|Any CPU.Build.0 = Debug|Any CPU
		{A18CAE11-851C-4414-91E5-43E4027673DC}.Release|Any CPU.ActiveCfg = Release|Any CPU
		{A18CAE11-851C-4414-91E5-43E4027673DC}.Release|Any CPU.Build.0 = Release|Any CPU
	EndGlobalSection
	GlobalSection(SolutionProperties) = preSolution
		HideSolutionNode = FALSE
	EndGlobalSection
	GlobalSection(ExtensibilityGlobals) = postSolution
		SolutionGuid = {F3E7B501-7D3D-40AC-A198-D09004CEDB31}
	EndGlobalSection
EndGlobal
